
Microsoft Visual Studio Solution File, Format Version 12.00
# Visual Studio Version 16
VisualStudioVersion = 16.0.29001.49
MinimumVisualStudioVersion = 10.0.40219.1
Project("{FAE04EC0-301F-11D3-BF4B-00C04F79EFBC}") = "ExInputServerW", "ExInputServerW\ExInputServerW.csproj", "{82DC13E4-91FF-40D1-A3FC-F5DDE491F1E0}"
EndProject
Global
	GlobalSection(SolutionConfigurationPlatforms) = preSolution
		Debug|Any CPU = Debug|Any CPU
		Release|Any CPU = Release|Any CPU
	EndGlobalSection
	GlobalSection(ProjectConfigurationPlatforms) = postSolution
		{82DC13E4-91FF-40D1-A3FC-F5DDE491F1E0}.Debug|Any CPU.ActiveCfg = Debug|Any CPU
		{82DC13E4-91FF-40D1-A3FC-F5DDE491F1E0}.Debug|Any CPU.Build.0 = Debug|Any CPU
		{82DC13E4-91FF-40D1-A3FC-F5DDE491F1E0}.Release|Any CPU.ActiveCfg = Release|Any CPU
		{82DC13E4-91FF-40D1-A3FC-F5DDE491F1E0}.Release|Any CPU.Build.0 = Release|Any CPU
	EndGlobalSection
	GlobalSection(SolutionProperties) = preSolution
		HideSolutionNode = FALSE
	EndGlobalSection
	GlobalSection(ExtensibilityGlobals) = postSolution
		SolutionGuid = {2182EB4B-616B-4A18-8F75-93A0534C1B08}
	EndGlobalSection
EndGlobal
